
Microsoft Visual Studio Solution File, Format Version 12.00
# Visual Studio Version 16
VisualStudioVersion = 16.0.31005.135
MinimumVisualStudioVersion = 10.0.40219.1
Project("{888888A0-9F3D-457C-B088-3A5042F75D52}") = "HexMaps", "HexMaps\HexMaps.pyproj", "{450B9FF6-ED6E-44C5-A856-16A732270066}"
EndProject
Global
	GlobalSection(SolutionConfigurationPlatforms) = preSolution
		Debug|Any CPU = Debug|Any CPU
		Release|Any CPU = Release|Any CPU
	EndGlobalSection
	GlobalSection(ProjectConfigurationPlatforms) = postSolution
		{450B9FF6-ED6E-44C5-A856-16A732270066}.Debug|Any CPU.ActiveCfg = Debug|Any CPU
		{450B9FF6-ED6E-44C5-A856-16A732270066}.Release|Any CPU.ActiveCfg = Release|Any CPU
	EndGlobalSection
	GlobalSection(SolutionProperties) = preSolution
		HideSolutionNode = FALSE
	EndGlobalSection
	GlobalSection(ExtensibilityGlobals) = postSolution
		SolutionGuid = {58F49486-5633-413E-B090-C82546FF789A}
	EndGlobalSection
EndGlobal
